
Microsoft Visual Studio Solution File, Format Version 12.00
# Visual Studio Version 17
VisualStudioVersion = 17.14.36414.22 d17.14
MinimumVisualStudioVersion = 10.0.40219.1
Project("{FAE04EC0-301F-11D3-BF4B-00C04F79EFBC}") = "HelpersNuGET", "HelpersNuGET\HelpersNuGET.csproj", "{0B761141-2386-4119-B70B-6F3F089F8E00}"
EndProject
Project("{FAE04EC0-301F-11D3-BF4B-00C04F79EFBC}") = "DbHelper", "..\DbHelper\DbHelper.csproj", "{974BAC27-FA0F-CD47-D8D6-B918054EE3F9}"
EndProject
Project("{FAE04EC0-301F-11D3-BF4B-00C04F79EFBC}") = "FileHelper", "..\FileHelper\FileHelper.csproj", "{707B5059-7799-B732-CB30-F08DE315A95A}"
EndProject
Project("{FAE04EC0-301F-11D3-BF4B-00C04F79EFBC}") = "Security", "..\Security\Security.csproj", "{B1FA25A4-20D4-2643-E2D9-FE18D32F377A}"
EndProject
Global
	GlobalSection(SolutionConfigurationPlatforms) = preSolution
		Debug|Any CPU = Debug|Any CPU
		Release|Any CPU = Release|Any CPU
	EndGlobalSection
	GlobalSection(ProjectConfigurationPlatforms) = postSolution
		{0B761141-2386-4119-B70B-6F3F089F8E00}.Debug|Any CPU.ActiveCfg = Debug|Any CPU
		{0B761141-2386-4119-B70B-6F3F089F8E00}.Debug|Any CPU.Build.0 = Debug|Any CPU
		{0B761141-2386-4119-B70B-6F3F089F8E00}.Release|Any CPU.ActiveCfg = Release|Any CPU
		{0B761141-2386-4119-B70B-6F3F089F8E00}.Release|Any CPU.Build.0 = Release|Any CPU
		{974BAC27-FA0F-CD47-D8D6-B918054EE3F9}.Debug|Any CPU.ActiveCfg = Debug|Any CPU
		{974BAC27-FA0F-CD47-D8D6-B918054EE3F9}.Debug|Any CPU.Build.0 = Debug|Any CPU
		{974BAC27-FA0F-CD47-D8D6-B918054EE3F9}.Release|Any CPU.ActiveCfg = Release|Any CPU
		{974BAC27-FA0F-CD47-D8D6-B918054EE3F9}.Release|Any CPU.Build.0 = Release|Any CPU
		{707B5059-7799-B732-CB30-F08DE315A95A}.Debug|Any CPU.ActiveCfg = Debug|Any CPU
		{707B5059-7799-B732-CB30-F08DE315A95A}.Debug|Any CPU.Build.0 = Debug|Any CPU
		{707B5059-7799-B732-CB30-F08DE315A95A}.Release|Any CPU.ActiveCfg = Release|Any CPU
		{707B5059-7799-B732-CB30-F08DE315A95A}.Release|Any CPU.Build.0 = Release|Any CPU
		{B1FA25A4-20D4-2643-E2D9-FE18D32F377A}.Debug|Any CPU.ActiveCfg = Debug|Any CPU
		{B1FA25A4-20D4-2643-E2D9-FE18D32F377A}.Debug|Any CPU.Build.0 = Debug|Any CPU
		{B1FA25A4-20D4-2643-E2D9-FE18D32F377A}.Release|Any CPU.ActiveCfg = Release|Any CPU
		{B1FA25A4-20D4-2643-E2D9-FE18D32F377A}.Release|Any CPU.Build.0 = Release|Any CPU
	EndGlobalSection
	GlobalSection(SolutionProperties) = preSolution
		HideSolutionNode = FALSE
	EndGlobalSection
	GlobalSection(ExtensibilityGlobals) = postSolution
		SolutionGuid = {37150D49-9D14-4CA0-8596-E954E0C8545B}
	EndGlobalSection
EndGlobal
